
Microsoft Visual Studio Solution File, Format Version 12.00
# Visual Studio Version 17
VisualStudioVersion = 17.8.34511.84
MinimumVisualStudioVersion = 10.0.40219.1
Project("{9A19103F-16F7-4668-BE54-9A1E7A4F7556}") = "CodingTracker.Business", "CodingTracker.Business\CodingTracker.Business.csproj", "{9C153147-046F-485F-85F7-ED1F9AF30AC9}"
EndProject
Project("{9A19103F-16F7-4668-BE54-9A1E7A4F7556}") = "CodingTracker.Data", "CodingTracker.Data\CodingTracker.Data.csproj", "{07D92AB0-9678-4690-AB68-F859AFE4F0EB}"
EndProject
Project("{9A19103F-16F7-4668-BE54-9A1E7A4F7556}") = "CodingTracker.View", "CodingTracker.View\CodingTracker.View.csproj", "{913A3449-89AC-4D81-B3C3-13D9B9FF3D1B}"
EndProject
Project("{9A19103F-16F7-4668-BE54-9A1E7A4F7556}") = "CodingTracker.Common", "CodingTracker.Common\CodingTracker.Common.csproj", "{29BFB055-9485-4862-BA80-3CB64AF43E70}"
EndProject
Project("{FAE04EC0-301F-11D3-BF4B-00C04F79EFBC}") = "CodingTracker.Logging", "CodingTracker.Logging\CodingTracker.Logging.csproj", "{53D1FB13-6286-4320-8C9B-C0E3B1449CAC}"
EndProject
Global
	GlobalSection(SolutionConfigurationPlatforms) = preSolution
		Debug|Any CPU = Debug|Any CPU
		Release|Any CPU = Release|Any CPU
	EndGlobalSection
	GlobalSection(ProjectConfigurationPlatforms) = postSolution
		{9C153147-046F-485F-85F7-ED1F9AF30AC9}.Debug|Any CPU.ActiveCfg = Debug|Any CPU
		{9C153147-046F-485F-85F7-ED1F9AF30AC9}.Debug|Any CPU.Build.0 = Debug|Any CPU
		{9C153147-046F-485F-85F7-ED1F9AF30AC9}.Release|Any CPU.ActiveCfg = Release|Any CPU
		{9C153147-046F-485F-85F7-ED1F9AF30AC9}.Release|Any CPU.Build.0 = Release|Any CPU
		{07D92AB0-9678-4690-AB68-F859AFE4F0EB}.Debug|Any CPU.ActiveCfg = Debug|Any CPU
		{07D92AB0-9678-4690-AB68-F859AFE4F0EB}.Debug|Any CPU.Build.0 = Debug|Any CPU
		{07D92AB0-9678-4690-AB68-F859AFE4F0EB}.Release|Any CPU.ActiveCfg = Release|Any CPU
		{07D92AB0-9678-4690-AB68-F859AFE4F0EB}.Release|Any CPU.Build.0 = Release|Any CPU
		{913A3449-89AC-4D81-B3C3-13D9B9FF3D1B}.Debug|Any CPU.ActiveCfg = Debug|Any CPU
		{913A3449-89AC-4D81-B3C3-13D9B9FF3D1B}.Debug|Any CPU.Build.0 = Debug|Any CPU
		{913A3449-89AC-4D81-B3C3-13D9B9FF3D1B}.Release|Any CPU.ActiveCfg = Release|Any CPU
		{913A3449-89AC-4D81-B3C3-13D9B9FF3D1B}.Release|Any CPU.Build.0 = Release|Any CPU
		{29BFB055-9485-4862-BA80-3CB64AF43E70}.Debug|Any CPU.ActiveCfg = Debug|Any CPU
		{29BFB055-9485-4862-BA80-3CB64AF43E70}.Debug|Any CPU.Build.0 = Debug|Any CPU
		{29BFB055-9485-4862-BA80-3CB64AF43E70}.Release|Any CPU.ActiveCfg = Release|Any CPU
		{29BFB055-9485-4862-BA80-3CB64AF43E70}.Release|Any CPU.Build.0 = Release|Any CPU
		{53D1FB13-6286-4320-8C9B-C0E3B1449CAC}.Debug|Any CPU.ActiveCfg = Debug|Any CPU
		{53D1FB13-6286-4320-8C9B-C0E3B1449CAC}.Debug|Any CPU.Build.0 = Debug|Any CPU
		{53D1FB13-6286-4320-8C9B-C0E3B1449CAC}.Release|Any CPU.ActiveCfg = Release|Any CPU
		{53D1FB13-6286-4320-8C9B-C0E3B1449CAC}.Release|Any CPU.Build.0 = Release|Any CPU
	EndGlobalSection
	GlobalSection(SolutionProperties) = preSolution
		HideSolutionNode = FALSE
	EndGlobalSection
	GlobalSection(ExtensibilityGlobals) = postSolution
		SolutionGuid = {B6FDF536-FC1A-4FC2-82BE-8190617DDA89}
	EndGlobalSection
EndGlobal
